// !$*UTF8*$!
{
	archiveVersion = 1;
	classes = {
	};
	objectVersion = 46;
	objects = {

/* Begin PBXBuildFile section */
		8243DEAB1DE0102100DBA76F /* main.m in Sources */ = {isa = PBXBuildFile; fileRef = 8243DEAA1DE0102100DBA76F /* main.m */; };
		8243DEAE1DE0102100DBA76F /* AppDelegate.m in Sources */ = {isa = PBXBuildFile; fileRef = 8243DEAD1DE0102100DBA76F /* AppDelegate.m */; };
		8243DEB11DE0102100DBA76F /* LoginVC.m in Sources */ = {isa = PBXBuildFile; fileRef = 8243DEB01DE0102100DBA76F /* LoginVC.m */; };
		8243DEB61DE0102100DBA76F /* Assets.xcassets in Resources */ = {isa = PBXBuildFile; fileRef = 8243DEB51DE0102100DBA76F /* Assets.xcassets */; };
		8243DEB91DE0102100DBA76F /* LaunchScreen.storyboard in Resources */ = {isa = PBXBuildFile; fileRef = 8243DEB71DE0102100DBA76F /* LaunchScreen.storyboard */; };
		8243DEC41DE0102200DBA76F /* WXImitateTests.m in Sources */ = {isa = PBXBuildFile; fileRef = 8243DEC31DE0102200DBA76F /* WXImitateTests.m */; };
		8243DECF1DE0102200DBA76F /* WXImitateUITests.m in Sources */ = {isa = PBXBuildFile; fileRef = 8243DECE1DE0102200DBA76F /* WXImitateUITests.m */; };
		8243DEDF1DE0163C00DBA76F /* LoginVC.storyboard in Resources */ = {isa = PBXBuildFile; fileRef = 8243DEDE1DE0163C00DBA76F /* LoginVC.storyboard */; };
		82ABB5731DE056F5005CAADB /* LoginVideoModel.m in Sources */ = {isa = PBXBuildFile; fileRef = 82ABB5721DE056F5005CAADB /* LoginVideoModel.m */; };
		82ABB5771DE05D32005CAADB /* AFNHttpManager.m in Sources */ = {isa = PBXBuildFile; fileRef = 82ABB5761DE05D32005CAADB /* AFNHttpManager.m */; };
		90CA013016B96160291A531A /* libPods-WXImitate.a in Frameworks */ = {isa = PBXBuildFile; fileRef = 73A960188135DAF9A38AD12B /* libPods-WXImitate.a */; };
/* End PBXBuildFile section */

/* Begin PBXContainerItemProxy section */
		8243DEC01DE0102200DBA76F /* PBXContainerItemProxy */ = {
			isa = PBXContainerItemProxy;
			containerPortal = 8243DE9E1DE0102100DBA76F /* Project object */;
			proxyType = 1;
			remoteGlobalIDString = 8243DEA51DE0102100DBA76F;
			remoteInfo = WXImitate;
		};
		8243DECB1DE0102200DBA76F /* PBXContainerItemProxy */ = {
			isa = PBXContainerItemProxy;
			containerPortal = 8243DE9E1DE0102100DBA76F /* Project object */;
			proxyType = 1;
			remoteGlobalIDString = 8243DEA51DE0102100DBA76F;
			remoteInfo = WXImitate;
		};
/* End PBXContainerItemProxy section */

/* Begin PBXFileReference section */
		73A960188135DAF9A38AD12B /* libPods-WXImitate.a */ = {isa = PBXFileReference; explicitFileType = archive.ar; includeInIndex = 0; path = "libPods-WXImitate.a"; sourceTree = BUILT_PRODUCTS_DIR; };
		8243DEA61DE0102100DBA76F /* WXImitate.app */ = {isa = PBXFileReference; explicitFileType = wrapper.application; includeInIndex = 0; path = WXImitate.app; sourceTree = BUILT_PRODUCTS_DIR; };
		8243DEAA1DE0102100DBA76F /* main.m */ = {isa = PBXFileReference; lastKnownFileType = sourcecode.c.objc; path = main.m; sourceTree = "<group>"; };
		8243DEAC1DE0102100DBA76F /* AppDelegate.h */ = {isa = PBXFileReference; lastKnownFileType = sourcecode.c.h; path = AppDelegate.h; sourceTree = "<group>"; };
		8243DEAD1DE0102100DBA76F /* AppDelegate.m */ = {isa = PBXFileReference; lastKnownFileType = sourcecode.c.objc; path = AppDelegate.m; sourceTree = "<group>"; };
		8243DEAF1DE0102100DBA76F /* LoginVC.h */ = {isa = PBXFileReference; lastKnownFileType = sourcecode.c.h; path = LoginVC.h; sourceTree = "<group>"; };
		8243DEB01DE0102100DBA76F /* LoginVC.m */ = {isa = PBXFileReference; lastKnownFileType = sourcecode.c.objc; path = LoginVC.m; sourceTree = "<group>"; };
		8243DEB51DE0102100DBA76F /* Assets.xcassets */ = {isa = PBXFileReference; lastKnownFileType = folder.assetcatalog; path = Assets.xcassets; sourceTree = "<group>"; };
		8243DEB81DE0102100DBA76F /* Base */ = {isa = PBXFileReference; lastKnownFileType = file.storyboard; name = Base; path = Base.lproj/LaunchScreen.storyboard; sourceTree = "<group>"; };
		8243DEBA1DE0102100DBA76F /* Info.plist */ = {isa = PBXFileReference; lastKnownFileType = text.plist.xml; path = Info.plist; sourceTree = "<group>"; };
		8243DEBF1DE0102200DBA76F /* WXImitateTests.xctest */ = {isa = PBXFileReference; explicitFileType = wrapper.cfbundle; includeInIndex = 0; path = WXImitateTests.xctest; sourceTree = BUILT_PRODUCTS_DIR; };
		8243DEC31DE0102200DBA76F /* WXImitateTests.m */ = {isa = PBXFileReference; lastKnownFileType = sourcecode.c.objc; path = WXImitateTests.m; sourceTree = "<group>"; };
		8243DEC51DE0102200DBA76F /* Info.plist */ = {isa = PBXFileReference; lastKnownFileType = text.plist.xml; path = Info.plist; sourceTree = "<group>"; };
		8243DECA1DE0102200DBA76F /* WXImitateUITests.xctest */ = {isa = PBXFileReference; explicitFileType = wrapper.cfbundle; includeInIndex = 0; path = WXImitateUITests.xctest; sourceTree = BUILT_PRODUCTS_DIR; };
		8243DECE1DE0102200DBA76F /* WXImitateUITests.m */ = {isa = PBXFileReference; lastKnownFileType = sourcecode.c.objc; path = WXImitateUITests.m; sourceTree = "<group>"; };
		8243DED01DE0102200DBA76F /* Info.plist */ = {isa = PBXFileReference; lastKnownFileType = text.plist.xml; path = Info.plist; sourceTree = "<group>"; };
		8243DEDE1DE0163C00DBA76F /* LoginVC.storyboard */ = {isa = PBXFileReference; fileEncoding = 4; lastKnownFileType = file.storyboard; path = LoginVC.storyboard; sourceTree = "<group>"; };
		82ABB5711DE056F5005CAADB /* LoginVideoModel.h */ = {isa = PBXFileReference; fileEncoding = 4; lastKnownFileType = sourcecode.c.h; path = LoginVideoModel.h; sourceTree = "<group>"; };
		82ABB5721DE056F5005CAADB /* LoginVideoModel.m */ = {isa = PBXFileReference; fileEncoding = 4; lastKnownFileType = sourcecode.c.objc; path = LoginVideoModel.m; sourceTree = "<group>"; };
		82ABB5741DE0571B005CAADB /* PrefixHeader.pch */ = {isa = PBXFileReference; lastKnownFileType = sourcecode.c.h; path = PrefixHeader.pch; sourceTree = "<group>"; };
		82ABB5751DE05D32005CAADB /* AFNHttpManager.h */ = {isa = PBXFileReference; fileEncoding = 4; lastKnownFileType = sourcecode.c.h; path = AFNHttpManager.h; sourceTree = "<group>"; };
		82ABB5761DE05D32005CAADB /* AFNHttpManager.m */ = {isa = PBXFileReference; fileEncoding = 4; lastKnownFileType = sourcecode.c.objc; path = AFNHttpManager.m; sourceTree = "<group>"; };
		CD498A2095708DC6A114E3DA /* Pods-WXImitate.release.xcconfig */ = {isa = PBXFileReference; includeInIndex = 1; lastKnownFileType = text.xcconfig; name = "Pods-WXImitate.release.xcconfig"; path = "Pods/Target Support Files/Pods-WXImitate/Pods-WXImitate.release.xcconfig"; sourceTree = "<group>"; };
		DFDD1D5FDA04A4E3C810D2EC /* Pods-WXImitate.debug.xcconfig */ = {isa = PBXFileReference; includeInIndex = 1; lastKnownFileType = text.xcconfig; name = "Pods-WXImitate.debug.xcconfig"; path = "Pods/Target Support Files/Pods-WXImitate/Pods-WXImitate.debug.xcconfig"; sourceTree = "<group>"; };
/* End PBXFileReference section */

/* Begin PBXFrameworksBuildPhase section */
		8243DEA31DE0102100DBA76F /* Frameworks */ = {
			isa = PBXFrameworksBuildPhase;
			buildActionMask = 2147483647;
			files = (
				90CA013016B96160291A531A /* libPods-WXImitate.a in Frameworks */,
			);
			runOnlyForDeploymentPostprocessing = 0;
		};
		8243DEBC1DE0102200DBA76F /* Frameworks */ = {
			isa = PBXFrameworksBuildPhase;
			buildActionMask = 2147483647;
			files = (
			);
			runOnlyForDeploymentPostprocessing = 0;
		};
		8243DEC71DE0102200DBA76F /* Frameworks */ = {
			isa = PBXFrameworksBuildPhase;
			buildActionMask = 2147483647;
			files = (
			);
			runOnlyForDeploymentPostprocessing = 0;
		};
/* End PBXFrameworksBuildPhase section */

/* Begin PBXGroup section */
		5AD577BE32200B751D865937 /* Frameworks */ = {
			isa = PBXGroup;
			children = (
				73A960188135DAF9A38AD12B /* libPods-WXImitate.a */,
			);
			name = Frameworks;
			sourceTree = "<group>";
		};
		8243DE9D1DE0102100DBA76F = {
			isa = PBXGroup;
			children = (
				8243DEA81DE0102100DBA76F /* WXImitate */,
				8243DEC21DE0102200DBA76F /* WXImitateTests */,
				8243DECD1DE0102200DBA76F /* WXImitateUITests */,
				8243DEA71DE0102100DBA76F /* Products */,
				E7D095278F56898C1CC36153 /* Pods */,
				5AD577BE32200B751D865937 /* Frameworks */,
			);
			sourceTree = "<group>";
		};
		8243DEA71DE0102100DBA76F /* Products */ = {
			isa = PBXGroup;
			children = (
				8243DEA61DE0102100DBA76F /* WXImitate.app */,
				8243DEBF1DE0102200DBA76F /* WXImitateTests.xctest */,
				8243DECA1DE0102200DBA76F /* WXImitateUITests.xctest */,
			);
			name = Products;
			sourceTree = "<group>";
		};
		8243DEA81DE0102100DBA76F /* WXImitate */ = {
			isa = PBXGroup;
			children = (
				82ABB5781DE07611005CAADB /* tool */,
				8243DEAC1DE0102100DBA76F /* AppDelegate.h */,
				8243DEAD1DE0102100DBA76F /* AppDelegate.m */,
				8243DEAF1DE0102100DBA76F /* LoginVC.h */,
				8243DEB01DE0102100DBA76F /* LoginVC.m */,
				82ABB5711DE056F5005CAADB /* LoginVideoModel.h */,
				82ABB5721DE056F5005CAADB /* LoginVideoModel.m */,
				8243DEDE1DE0163C00DBA76F /* LoginVC.storyboard */,
				8243DEB51DE0102100DBA76F /* Assets.xcassets */,
				8243DEB71DE0102100DBA76F /* LaunchScreen.storyboard */,
				8243DEBA1DE0102100DBA76F /* Info.plist */,
				8243DEA91DE0102100DBA76F /* Supporting Files */,
				82ABB5741DE0571B005CAADB /* PrefixHeader.pch */,
			);
			path = WXImitate;
			sourceTree = "<group>";
		};
		8243DEA91DE0102100DBA76F /* Supporting Files */ = {
			isa = PBXGroup;
			children = (
				8243DEAA1DE0102100DBA76F /* main.m */,
			);
			name = "Supporting Files";
			sourceTree = "<group>";
		};
		8243DEC21DE0102200DBA76F /* WXImitateTests */ = {
			isa = PBXGroup;
			children = (
				8243DEC31DE0102200DBA76F /* WXImitateTests.m */,
				8243DEC51DE0102200DBA76F /* Info.plist */,
			);
			path = WXImitateTests;
			sourceTree = "<group>";
		};
		8243DECD1DE0102200DBA76F /* WXImitateUITests */ = {
			isa = PBXGroup;
			children = (
				8243DECE1DE0102200DBA76F /* WXImitateUITests.m */,
				8243DED01DE0102200DBA76F /* Info.plist */,
			);
			path = WXImitateUITests;
			sourceTree = "<group>";
		};
		82ABB5781DE07611005CAADB /* tool */ = {
			isa = PBXGroup;
			children = (
				82ABB5751DE05D32005CAADB /* AFNHttpManager.h */,
				82ABB5761DE05D32005CAADB /* AFNHttpManager.m */,
			);
			name = tool;
			sourceTree = "<group>";
		};
		E7D095278F56898C1CC36153 /* Pods */ = {
			isa = PBXGroup;
			children = (
				DFDD1D5FDA04A4E3C810D2EC /* Pods-WXImitate.debug.xcconfig */,
				CD498A2095708DC6A114E3DA /* Pods-WXImitate.release.xcconfig */,
			);
			name = Pods;
			sourceTree = "<group>";
		};
/* End PBXGroup section */

/* Begin PBXNativeTarget section */
		8243DEA51DE0102100DBA76F /* WXImitate */ = {
			isa = PBXNativeTarget;
			buildConfigurationList = 8243DED31DE0102200DBA76F /* Build configuration list for PBXNativeTarget "WXImitate" */;
			buildPhases = (
				306A4231B5567BB16C053C00 /* [CP] Check Pods Manifest.lock */,
				8243DEA21DE0102100DBA76F /* Sources */,
				8243DEA31DE0102100DBA76F /* Frameworks */,
				8243DEA41DE0102100DBA76F /* Resources */,
				09D9CC250CD0C523EFC0E3E0 /* [CP] Embed Pods Frameworks */,
				AD885FC3F46F906032EDCB32 /* [CP] Copy Pods Resources */,
			);
			buildRules = (
			);
			dependencies = (
			);
			name = WXImitate;
			productName = WXImitate;
			productReference = 8243DEA61DE0102100DBA76F /* WXImitate.app */;
			productType = "com.apple.product-type.application";
		};
		8243DEBE1DE0102200DBA76F /* WXImitateTests */ = {
			isa = PBXNativeTarget;
			buildConfigurationList = 8243DED61DE0102200DBA76F /* Build configuration list for PBXNativeTarget "WXImitateTests" */;
			buildPhases = (
				8243DEBB1DE0102200DBA76F /* Sources */,
				8243DEBC1DE0102200DBA76F /* Frameworks */,
				8243DEBD1DE0102200DBA76F /* Resources */,
			);
			buildRules = (
			);
			dependencies = (
				8243DEC11DE0102200DBA76F /* PBXTargetDependency */,
			);
			name = WXImitateTests;
			productName = WXImitateTests;
			productReference = 8243DEBF1DE0102200DBA76F /* WXImitateTests.xctest */;
			productType = "com.apple.product-type.bundle.unit-test";
		};
		8243DEC91DE0102200DBA76F /* WXImitateUITests */ = {
			isa = PBXNativeTarget;
			buildConfigurationList = 8243DED91DE0102200DBA76F /* Build configuration list for PBXNativeTarget "WXImitateUITests" */;
			buildPhases = (
				8243DEC61DE0102200DBA76F /* Sources */,
				8243DEC71DE0102200DBA76F /* Frameworks */,
				8243DEC81DE0102200DBA76F /* Resources */,
			);
			buildRules = (
			);
			dependencies = (
				8243DECC1DE0102200DBA76F /* PBXTargetDependency */,
			);
			name = WXImitateUITests;
			productName = WXImitateUITests;
			productReference = 8243DECA1DE0102200DBA76F /* WXImitateUITests.xctest */;
			productType = "com.apple.product-type.bundle.ui-testing";
		};
/* End PBXNativeTarget section */

/* Begin PBXProject section */
		8243DE9E1DE0102100DBA76F /* Project object */ = {
			isa = PBXProject;
			attributes = {
				LastUpgradeCheck = 0800;
				ORGANIZATIONNAME = WuQingMing;
				TargetAttributes = {
					8243DEA51DE0102100DBA76F = {
						CreatedOnToolsVersion = 8.0;
						ProvisioningStyle = Automatic;
					};
					8243DEBE1DE0102200DBA76F = {
						CreatedOnToolsVersion = 8.0;
						ProvisioningStyle = Automatic;
						TestTargetID = 8243DEA51DE0102100DBA76F;
					};
					8243DEC91DE0102200DBA76F = {
						CreatedOnToolsVersion = 8.0;
						ProvisioningStyle = Automatic;
						TestTargetID = 8243DEA51DE0102100DBA76F;
					};
				};
			};
			buildConfigurationList = 8243DEA11DE0102100DBA76F /* Build configuration list for PBXProject "WXImitate" */;
			compatibilityVersion = "Xcode 3.2";
			developmentRegion = English;
			hasScannedForEncodings = 0;
			knownRegions = (
				en,
				Base,
			);
			mainGroup = 8243DE9D1DE0102100DBA76F;
			productRefGroup = 8243DEA71DE0102100DBA76F /* Products */;
			projectDirPath = "";
			projectRoot = "";
			targets = (
				8243DEA51DE0102100DBA76F /* WXImitate */,
				8243DEBE1DE0102200DBA76F /* WXImitateTests */,
				8243DEC91DE0102200DBA76F /* WXImitateUITests */,
			);
		};
/* End PBXProject section */

/* Begin PBXResourcesBuildPhase section */
		8243DEA41DE0102100DBA76F /* Resources */ = {
			isa = PBXResourcesBuildPhase;
			buildActionMask = 2147483647;
			files = (
				8243DEDF1DE0163C00DBA76F /* LoginVC.storyboard in Resources */,
				8243DEB91DE0102100DBA76F /* LaunchScreen.storyboard in Resources */,
				8243DEB61DE0102100DBA76F /* Assets.xcassets in Resources */,
			);
			runOnlyForDeploymentPostprocessing = 0;
		};
		8243DEBD1DE0102200DBA76F /* Resources */ = {
			isa = PBXResourcesBuildPhase;
			buildActionMask = 2147483647;
			files = (
			);
			runOnlyForDeploymentPostprocessing = 0;
		};
		8243DEC81DE0102200DBA76F /* Resources */ = {
			isa = PBXResourcesBuildPhase;
			buildActionMask = 2147483647;
			files = (
			);
			runOnlyForDeploymentPostprocessing = 0;
		};
/* End PBXResourcesBuildPhase section */

/* Begin PBXShellScriptBuildPhase section */
		09D9CC250CD0C523EFC0E3E0 /* [CP] Embed Pods Frameworks */ = {
			isa = PBXShellScriptBuildPhase;
			buildActionMask = 2147483647;
			files = (
			);
			inputPaths = (
			);
			name = "[CP] Embed Pods Frameworks";
			outputPaths = (
			);
			runOnlyForDeploymentPostprocessing = 0;
			shellPath = /bin/sh;
			shellScript = "\"${SRCROOT}/Pods/Target Support Files/Pods-WXImitate/Pods-WXImitate-frameworks.sh\"\n";
			showEnvVarsInLog = 0;
		};
		306A4231B5567BB16C053C00 /* [CP] Check Pods Manifest.lock */ = {
			isa = PBXShellScriptBuildPhase;
			buildActionMask = 2147483647;
			files = (
			);
			inputPaths = (
			);
			name = "[CP] Check Pods Manifest.lock";
			outputPaths = (
			);
			runOnlyForDeploymentPostprocessing = 0;
			shellPath = /bin/sh;
			shellScript = "diff \"${PODS_ROOT}/../Podfile.lock\" \"${PODS_ROOT}/Manifest.lock\" > /dev/null\nif [ $? != 0 ] ; then\n    # print error to STDERR\n    echo \"error: The sandbox is not in sync with the Podfile.lock. Run 'pod install' or update your CocoaPods installation.\" >&2\n    exit 1\nfi\n";
			showEnvVarsInLog = 0;
		};
		AD885FC3F46F906032EDCB32 /* [CP] Copy Pods Resources */ = {
			isa = PBXShellScriptBuildPhase;
			buildActionMask = 2147483647;
			files = (
			);
			inputPaths = (
			);
			name = "[CP] Copy Pods Resources";
			outputPaths = (
			);
			runOnlyForDeploymentPostprocessing = 0;
			shellPath = /bin/sh;
			shellScript = "\"${SRCROOT}/Pods/Target Support Files/Pods-WXImitate/Pods-WXImitate-resources.sh\"\n";
			showEnvVarsInLog = 0;
		};
/* End PBXShellScriptBuildPhase section */

/* Begin PBXSourcesBuildPhase section */
		8243DEA21DE0102100DBA76F /* Sources */ = {
			isa = PBXSourcesBuildPhase;
			buildActionMask = 2147483647;
			files = (
				8243DEB11DE0102100DBA76F /* LoginVC.m in Sources */,
				82ABB5771DE05D32005CAADB /* AFNHttpManager.m in Sources */,
				82ABB5731DE056F5005CAADB /* LoginVideoModel.m in Sources */,
				8243DEAE1DE0102100DBA76F /* AppDelegate.m in Sources */,
				8243DEAB1DE0102100DBA76F /* main.m in Sources */,
			);
			runOnlyForDeploymentPostprocessing = 0;
		};
		8243DEBB1DE0102200DBA76F /* Sources */ = {
			isa = PBXSourcesBuildPhase;
			buildActionMask = 2147483647;
			files = (
				8243DEC41DE0102200DBA76F /* WXImitateTests.m in Sources */,
			);
			runOnlyForDeploymentPostprocessing = 0;
		};
		8243DEC61DE0102200DBA76F /* Sources */ = {
			isa = PBXSourcesBuildPhase;
			buildActionMask = 2147483647;
			files = (
				8243DECF1DE0102200DBA76F /* WXImitateUITests.m in Sources */,
			);
			runOnlyForDeploymentPostprocessing = 0;
		};
/* End PBXSourcesBuildPhase section */

/* Begin PBXTargetDependency section */
		8243DEC11DE0102200DBA76F /* PBXTargetDependency */ = {
			isa = PBXTargetDependency;
			target = 8243DEA51DE0102100DBA76F /* WXImitate */;
			targetProxy = 8243DEC01DE0102200DBA76F /* PBXContainerItemProxy */;
		};
		8243DECC1DE0102200DBA76F /* PBXTargetDependency */ = {
			isa = PBXTargetDependency;
			target = 8243DEA51DE0102100DBA76F /* WXImitate */;
			targetProxy = 8243DECB1DE0102200DBA76F /* PBXContainerItemProxy */;
		};
/* End PBXTargetDependency section */

/* Begin PBXVariantGroup section */
		8243DEB71DE0102100DBA76F /* LaunchScreen.storyboard */ = {
			isa = PBXVariantGroup;
			children = (
				8243DEB81DE0102100DBA76F /* Base */,
			);
			name = LaunchScreen.storyboard;
			sourceTree = "<group>";
		};
/* End PBXVariantGroup section */

/* Begin XCBuildConfiguration section */
		8243DED11DE0102200DBA76F /* Debug */ = {
			isa = XCBuildConfiguration;
			buildSettings = {
				ALWAYS_SEARCH_USER_PATHS = NO;
				CLANG_ANALYZER_NONNULL = YES;
				CLANG_CXX_LANGUAGE_STANDARD = "gnu++0x";
				CLANG_CXX_LIBRARY = "libc++";
				CLANG_ENABLE_MODULES = YES;
				CLANG_ENABLE_OBJC_ARC = YES;
				CLANG_WARN_BOOL_CONVERSION = YES;
				CLANG_WARN_CONSTANT_CONVERSION = YES;
				CLANG_WARN_DIRECT_OBJC_ISA_USAGE = YES_ERROR;
				CLANG_WARN_DOCUMENTATION_COMMENTS = YES;
				CLANG_WARN_EMPTY_BODY = YES;
				CLANG_WARN_ENUM_CONVERSION = YES;
				CLANG_WARN_INFINITE_RECURSION = YES;
				CLANG_WARN_INT_CONVERSION = YES;
				CLANG_WARN_OBJC_ROOT_CLASS = YES_ERROR;
				CLANG_WARN_SUSPICIOUS_MOVES = YES;
				CLANG_WARN_UNREACHABLE_CODE = YES;
				CLANG_WARN__DUPLICATE_METHOD_MATCH = YES;
				"CODE_SIGN_IDENTITY[sdk=iphoneos*]" = "iPhone Developer";
				COPY_PHASE_STRIP = NO;
				DEBUG_INFORMATION_FORMAT = dwarf;
				ENABLE_STRICT_OBJC_MSGSEND = YES;
				ENABLE_TESTABILITY = YES;
				GCC_C_LANGUAGE_STANDARD = gnu99;
				GCC_DYNAMIC_NO_PIC = NO;
				GCC_NO_COMMON_BLOCKS = YES;
				GCC_OPTIMIZATION_LEVEL = 0;
				GCC_PREPROCESSOR_DEFINITIONS = (
					"DEBUG=1",
					"$(inherited)",
				);
				GCC_WARN_64_TO_32_BIT_CONVERSION = YES;
				GCC_WARN_ABOUT_RETURN_TYPE = YES_ERROR;
				GCC_WARN_UNDECLARED_SELECTOR = YES;
				GCC_WARN_UNINITIALIZED_AUTOS = YES_AGGRESSIVE;
				GCC_WARN_UNUSED_FUNCTION = YES;
				GCC_WARN_UNUSED_VARIABLE = YES;
				IPHONEOS_DEPLOYMENT_TARGET = 10.0;
				MTL_ENABLE_DEBUG_INFO = YES;
				ONLY_ACTIVE_ARCH = YES;
				SDKROOT = iphoneos;
			};
			name = Debug;
		};
		8243DED21DE0102200DBA76F /* Release */ = {
			isa = XCBuildConfiguration;
			buildSettings = {
				ALWAYS_SEARCH_USER_PATHS = NO;
				CLANG_ANALYZER_NONNULL = YES;
				CLANG_CXX_LANGUAGE_STANDARD = "gnu++0x";
				CLANG_CXX_LIBRARY = "libc++";
				CLANG_ENABLE_MODULES = YES;
				CLANG_ENABLE_OBJC_ARC = YES;
				CLANG_WARN_BOOL_CONVERSION = YES;
				CLANG_WARN_CONSTANT_CONVERSION = YES;
				CLANG_WARN_DIRECT_OBJC_ISA_USAGE = YES_ERROR;
				CLANG_WARN_DOCUMENTATION_COMMENTS = YES;
				CLANG_WARN_EMPTY_BODY = YES;
				CLANG_WARN_ENUM_CONVERSION = YES;
				CLANG_WARN_INFINITE_RECURSION = YES;
				CLANG_WARN_INT_CONVERSION = YES;
				CLANG_WARN_OBJC_ROOT_CLASS = YES_ERROR;
				CLANG_WARN_SUSPICIOUS_MOVES = YES;
				CLANG_WARN_UNREACHABLE_CODE = YES;
				CLANG_WARN__DUPLICATE_METHOD_MATCH = YES;
				"CODE_SIGN_IDENTITY[sdk=iphoneos*]" = "iPhone Developer";
				COPY_PHASE_STRIP = NO;
				DEBUG_INFORMATION_FORMAT = "dwarf-with-dsym";
				ENABLE_NS_ASSERTIONS = NO;
				ENABLE_STRICT_OBJC_MSGSEND = YES;
				GCC_C_LANGUAGE_STANDARD = gnu99;
				GCC_NO_COMMON_BLOCKS = YES;
				GCC_WARN_64_TO_32_BIT_CONVERSION = YES;
				GCC_WARN_ABOUT_RETURN_TYPE = YES_ERROR;
				GCC_WARN_UNDECLARED_SELECTOR = YES;
				GCC_WARN_UNINITIALIZED_AUTOS = YES_AGGRESSIVE;
				GCC_WARN_UNUSED_FUNCTION = YES;
				GCC_WARN_UNUSED_VARIABLE = YES;
				IPHONEOS_DEPLOYMENT_TARGET = 10.0;
				MTL_ENABLE_DEBUG_INFO = NO;
				SDKROOT = iphoneos;
				VALIDATE_PRODUCT = YES;
			};
			name = Release;
		};
		8243DED41DE0102200DBA76F /* Debug */ = {
			isa = XCBuildConfiguration;
			baseConfigurationReference = DFDD1D5FDA04A4E3C810D2EC /* Pods-WXImitate.debug.xcconfig */;
			buildSettings = {
				ASSETCATALOG_COMPILER_APPICON_NAME = AppIcon;
				GCC_PREFIX_HEADER = WXImitate/PrefixHeader.pch;
				INFOPLIST_FILE = WXImitate/Info.plist;
				LD_RUNPATH_SEARCH_PATHS = "$(inherited) @executable_path/Frameworks";
				PRODUCT_BUNDLE_IDENTIFIER = WQM.WXImitate;
				PRODUCT_NAME = "$(TARGET_NAME)";
			};
			name = Debug;
		};
		8243DED51DE0102200DBA76F /* Release */ = {
			isa = XCBuildConfiguration;
			baseConfigurationReference = CD498A2095708DC6A114E3DA /* Pods-WXImitate.release.xcconfig */;
			buildSettings = {
				ASSETCATALOG_COMPILER_APPICON_NAME = AppIcon;
				GCC_PREFIX_HEADER = WXImitate/PrefixHeader.pch;
				INFOPLIST_FILE = WXImitate/Info.plist;
				LD_RUNPATH_SEARCH_PATHS = "$(inherited) @executable_path/Frameworks";
				PRODUCT_BUNDLE_IDENTIFIER = WQM.WXImitate;
				PRODUCT_NAME = "$(TARGET_NAME)";
			};
			name = Release;
		};
		8243DED71DE0102200DBA76F /* Debug */ = {
			isa = XCBuildConfiguration;
			buildSettings = {
				BUNDLE_LOADER = "$(TEST_HOST)";
				INFOPLIST_FILE = WXImitateTests/Info.plist;
				LD_RUNPATH_SEARCH_PATHS = "$(inherited) @executable_path/Frameworks @loader_path/Frameworks";
				PRODUCT_BUNDLE_IDENTIFIER = WQM.WXImitateTests;
				PRODUCT_NAME = "$(TARGET_NAME)";
				TEST_HOST = "$(BUILT_PRODUCTS_DIR)/WXImitate.app/WXImitate";
			};
			name = Debug;
		};
		8243DED81DE0102200DBA76F /* Release */ = {
			isa = XCBuildConfiguration;
			buildSettings = {
				BUNDLE_LOADER = "$(TEST_HOST)";
				INFOPLIST_FILE = WXImitateTests/Info.plist;
				LD_RUNPATH_SEARCH_PATHS = "$(inherited) @executable_path/Frameworks @loader_path/Frameworks";
				PRODUCT_BUNDLE_IDENTIFIER = WQM.WXImitateTests;
				PRODUCT_NAME = "$(TARGET_NAME)";
				TEST_HOST = "$(BUILT_PRODUCTS_DIR)/WXImitate.app/WXImitate";
			};
			name = Release;
		};
		8243DEDA1DE0102200DBA76F /* Debug */ = {
			isa = XCBuildConfiguration;
			buildSettings = {
				INFOPLIST_FILE = WXImitateUITests/Info.plist;
				LD_RUNPATH_SEARCH_PATHS = "$(inherited) @executable_path/Frameworks @loader_path/Frameworks";
				PRODUCT_BUNDLE_IDENTIFIER = WQM.WXImitateUITests;
				PRODUCT_NAME = "$(TARGET_NAME)";
				TEST_TARGET_NAME = WXImitate;
			};
			name = Debug;
		};
		8243DEDB1DE0102200DBA76F /* Release */ = {
			isa = XCBuildConfiguration;
			buildSettings = {
				INFOPLIST_FILE = WXImitateUITests/Info.plist;
				LD_RUNPATH_SEARCH_PATHS = "$(inherited) @executable_path/Frameworks @loader_path/Frameworks";
				PRODUCT_BUNDLE_IDENTIFIER = WQM.WXImitateUITests;
				PRODUCT_NAME = "$(TARGET_NAME)";
				TEST_TARGET_NAME = WXImitate;
			};
			name = Release;
		};
/* End XCBuildConfiguration section */

/* Begin XCConfigurationList section */
		8243DEA11DE0102100DBA76F /* Build configuration list for PBXProject "WXImitate" */ = {
			isa = XCConfigurationList;
			buildConfigurations = (
				8243DED11DE0102200DBA76F /* Debug */,
				8243DED21DE0102200DBA76F /* Release */,
			);
			defaultConfigurationIsVisible = 0;
			defaultConfigurationName = Release;
		};
		8243DED31DE0102200DBA76F /* Build configuration list for PBXNativeTarget "WXImitate" */ = {
			isa = XCConfigurationList;
			buildConfigurations = (
				8243DED41DE0102200DBA76F /* Debug */,
				8243DED51DE0102200DBA76F /* Release */,
			);
			defaultConfigurationIsVisible = 0;
			defaultConfigurationName = Release;
		};
		8243DED61DE0102200DBA76F /* Build configuration list for PBXNativeTarget "WXImitateTests" */ = {
			isa = XCConfigurationList;
			buildConfigurations = (
				8243DED71DE0102200DBA76F /* Debug */,
				8243DED81DE0102200DBA76F /* Release */,
			);
			defaultConfigurationIsVisible = 0;
			defaultConfigurationName = Release;
		};
		8243DED91DE0102200DBA76F /* Build configuration list for PBXNativeTarget "WXImitateUITests" */ = {
			isa = XCConfigurationList;
			buildConfigurations = (
				8243DEDA1DE0102200DBA76F /* Debug */,
				8243DEDB1DE0102200DBA76F /* Release */,
			);
			defaultConfigurationIsVisible = 0;
			defaultConfigurationName = Release;
		};
/* End XCConfigurationList section */
	};
	rootObject = 8243DE9E1DE0102100DBA76F /* Project object */;
}
